
Microsoft Visual Studio Solution File, Format Version 12.00
Project("{FAE04EC0-301F-11D3-BF4B-00C04F79EFBC}") = "Lesson", "Lesson\Lesson.csproj", "{615041C9-AF2A-4828-AFCD-6FDBD6CE6EE6}"
EndProject
Project("{FAE04EC0-301F-11D3-BF4B-00C04F79EFBC}") = "LessonTwo", "LessonTwo\LessonTwo.csproj", "{C1746A4E-6BB7-4E25-ACCE-B2AB6FFB387A}"
EndProject
Project("{FAE04EC0-301F-11D3-BF4B-00C04F79EFBC}") = "Comparison", "Comparison\Comparison.csproj", "{1C05ECF4-140F-48C4-9601-1B8C6288F18C}"
EndProject
Project("{FAE04EC0-301F-11D3-BF4B-00C04F79EFBC}") = "IfElse", "IfElse\IfElse.csproj", "{F72F57C7-DE10-4D80-A1A0-0610B825A2A6}"
EndProject
Project("{FAE04EC0-301F-11D3-BF4B-00C04F79EFBC}") = "LogicOperations", "LogicOperations\LogicOperations.csproj", "{72B27B92-C454-4019-9DAD-65D6C8DAFDFC}"
EndProject
Project("{FAE04EC0-301F-11D3-BF4B-00C04F79EFBC}") = "Switch", "Switch\Switch.csproj", "{A1FAB8CF-8669-4C10-B679-2F77B9231A81}"
EndProject
Project("{FAE04EC0-301F-11D3-BF4B-00C04F79EFBC}") = "Calculator", "Calculator\Calculator.csproj", "{06AA7C51-1EE5-47F1-BF8A-D39E8072B408}"
EndProject
Project("{FAE04EC0-301F-11D3-BF4B-00C04F79EFBC}") = "While", "While\While.csproj", "{BE497F78-0F5C-471B-9330-8A88630EC9B0}"
EndProject
Project("{FAE04EC0-301F-11D3-BF4B-00C04F79EFBC}") = "Task1", "Task1\Task1.csproj", "{E989BE37-E08D-41FB-BE8D-70BD0B1FC23B}"
EndProject
Project("{FAE04EC0-301F-11D3-BF4B-00C04F79EFBC}") = "Task2", "Task2\Task2.csproj", "{7372D8AB-F9B5-477E-B907-70A4940186BB}"
EndProject
Project("{FAE04EC0-301F-11D3-BF4B-00C04F79EFBC}") = "Task3", "Task3\Task3.csproj", "{CC0DB298-4414-45FB-9625-B5985DA2E3AA}"
EndProject
Project("{FAE04EC0-301F-11D3-BF4B-00C04F79EFBC}") = "Task4", "Task4\Task4.csproj", "{568B2AB7-F91B-4DC8-8FC4-005EB2AD4DE3}"
EndProject
Project("{FAE04EC0-301F-11D3-BF4B-00C04F79EFBC}") = "Task5", "Task5\Task5.csproj", "{152C515A-77A4-420B-876F-CBC3BDC049D9}"
EndProject
Project("{FAE04EC0-301F-11D3-BF4B-00C04F79EFBC}") = "Task6", "Task6\Task6.csproj", "{0E7DF2EF-8585-49B1-8D15-FE069AD652E0}"
EndProject
Project("{FAE04EC0-301F-11D3-BF4B-00C04F79EFBC}") = "Task7", "Task7\Task7.csproj", "{7127070C-EB4A-4DCF-A825-74C083C15817}"
EndProject
Project("{FAE04EC0-301F-11D3-BF4B-00C04F79EFBC}") = "Task8", "Task8\Task8.csproj", "{7AE9848D-7667-4E64-9962-F8E1D2147B6D}"
EndProject
Project("{FAE04EC0-301F-11D3-BF4B-00C04F79EFBC}") = "Task9", "Task9\Task9.csproj", "{A724592D-4B1C-4775-8615-07BB16021EB1}"
EndProject
Project("{2150E333-8FDC-42A3-9474-1A3956D46DE8}") = "Tests", "Tests", "{A804A2E9-5E18-42D9-9CD6-DE38E3B9427E}"
EndProject
Project("{FAE04EC0-301F-11D3-BF4B-00C04F79EFBC}") = "Task9Tests", "Task9Tests\Task9Tests.csproj", "{81365FE2-686E-45C1-92E7-145F75E804E4}"
EndProject
Project("{FAE04EC0-301F-11D3-BF4B-00C04F79EFBC}") = "LoopInLoop", "LoopInLoop\LoopInLoop.csproj", "{BE25547A-3D67-4C17-A937-D7B14CA74049}"
EndProject
Project("{FAE04EC0-301F-11D3-BF4B-00C04F79EFBC}") = "MyArray", "MyArray\MyArray.csproj", "{EA1096FD-5C6A-49F6-92BB-DAAF267AFC07}"
EndProject
Project("{FAE04EC0-301F-11D3-BF4B-00C04F79EFBC}") = "Lesson_Core", "Lesson_Core\Lesson_Core.csproj", "{05F7CDBC-41A0-4E96-B4BA-EAD6B24B3DCC}"
EndProject
Project("{FAE04EC0-301F-11D3-BF4B-00C04F79EFBC}") = "Two_Dimensional_Array", "Two_Dimensional_Array\Two_Dimensional_Array.csproj", "{3291EB99-3597-4F6B-9430-26B5E07D1046}"
EndProject
Project("{FAE04EC0-301F-11D3-BF4B-00C04F79EFBC}") = "SteppedArray", "SteppedArray\SteppedArray.csproj", "{6CB0E2B4-F3BA-4925-AFAD-5BC1E6BF073D}"
EndProject
Project("{FAE04EC0-301F-11D3-BF4B-00C04F79EFBC}") = "Three_D_Array", "Three_D_Array\Three_D_Array.csproj", "{7D832575-6637-4DDC-ADE7-6F7F05B0F56E}"
EndProject
Project("{FAE04EC0-301F-11D3-BF4B-00C04F79EFBC}") = "Methods", "Methods\Methods.csproj", "{9F1902B6-4BA6-4A03-9573-AAFB8DCE5AB6}"
EndProject
Project("{FAE04EC0-301F-11D3-BF4B-00C04F79EFBC}") = "MethodsTask", "MethodsTask\MethodsTask.csproj", "{92CC7CAC-C968-4E93-866E-31CEE5F83ACB}"
EndProject
Global
	GlobalSection(SolutionConfigurationPlatforms) = preSolution
		Debug|Any CPU = Debug|Any CPU
		Release|Any CPU = Release|Any CPU
	EndGlobalSection
	GlobalSection(ProjectConfigurationPlatforms) = postSolution
		{615041C9-AF2A-4828-AFCD-6FDBD6CE6EE6}.Debug|Any CPU.ActiveCfg = Debug|Any CPU
		{615041C9-AF2A-4828-AFCD-6FDBD6CE6EE6}.Debug|Any CPU.Build.0 = Debug|Any CPU
		{615041C9-AF2A-4828-AFCD-6FDBD6CE6EE6}.Release|Any CPU.ActiveCfg = Release|Any CPU
		{615041C9-AF2A-4828-AFCD-6FDBD6CE6EE6}.Release|Any CPU.Build.0 = Release|Any CPU
		{C1746A4E-6BB7-4E25-ACCE-B2AB6FFB387A}.Debug|Any CPU.ActiveCfg = Debug|Any CPU
		{C1746A4E-6BB7-4E25-ACCE-B2AB6FFB387A}.Debug|Any CPU.Build.0 = Debug|Any CPU
		{C1746A4E-6BB7-4E25-ACCE-B2AB6FFB387A}.Release|Any CPU.ActiveCfg = Release|Any CPU
		{C1746A4E-6BB7-4E25-ACCE-B2AB6FFB387A}.Release|Any CPU.Build.0 = Release|Any CPU
		{1C05ECF4-140F-48C4-9601-1B8C6288F18C}.Debug|Any CPU.ActiveCfg = Debug|Any CPU
		{1C05ECF4-140F-48C4-9601-1B8C6288F18C}.Debug|Any CPU.Build.0 = Debug|Any CPU
		{1C05ECF4-140F-48C4-9601-1B8C6288F18C}.Release|Any CPU.ActiveCfg = Release|Any CPU
		{1C05ECF4-140F-48C4-9601-1B8C6288F18C}.Release|Any CPU.Build.0 = Release|Any CPU
		{F72F57C7-DE10-4D80-A1A0-0610B825A2A6}.Debug|Any CPU.ActiveCfg = Debug|Any CPU
		{F72F57C7-DE10-4D80-A1A0-0610B825A2A6}.Debug|Any CPU.Build.0 = Debug|Any CPU
		{F72F57C7-DE10-4D80-A1A0-0610B825A2A6}.Release|Any CPU.ActiveCfg = Release|Any CPU
		{F72F57C7-DE10-4D80-A1A0-0610B825A2A6}.Release|Any CPU.Build.0 = Release|Any CPU
		{72B27B92-C454-4019-9DAD-65D6C8DAFDFC}.Debug|Any CPU.ActiveCfg = Debug|Any CPU
		{72B27B92-C454-4019-9DAD-65D6C8DAFDFC}.Debug|Any CPU.Build.0 = Debug|Any CPU
		{72B27B92-C454-4019-9DAD-65D6C8DAFDFC}.Release|Any CPU.ActiveCfg = Release|Any CPU
		{72B27B92-C454-4019-9DAD-65D6C8DAFDFC}.Release|Any CPU.Build.0 = Release|Any CPU
		{A1FAB8CF-8669-4C10-B679-2F77B9231A81}.Debug|Any CPU.ActiveCfg = Debug|Any CPU
		{A1FAB8CF-8669-4C10-B679-2F77B9231A81}.Debug|Any CPU.Build.0 = Debug|Any CPU
		{A1FAB8CF-8669-4C10-B679-2F77B9231A81}.Release|Any CPU.ActiveCfg = Release|Any CPU
		{A1FAB8CF-8669-4C10-B679-2F77B9231A81}.Release|Any CPU.Build.0 = Release|Any CPU
		{06AA7C51-1EE5-47F1-BF8A-D39E8072B408}.Debug|Any CPU.ActiveCfg = Debug|Any CPU
		{06AA7C51-1EE5-47F1-BF8A-D39E8072B408}.Debug|Any CPU.Build.0 = Debug|Any CPU
		{06AA7C51-1EE5-47F1-BF8A-D39E8072B408}.Release|Any CPU.ActiveCfg = Release|Any CPU
		{06AA7C51-1EE5-47F1-BF8A-D39E8072B408}.Release|Any CPU.Build.0 = Release|Any CPU
		{BE497F78-0F5C-471B-9330-8A88630EC9B0}.Debug|Any CPU.ActiveCfg = Debug|Any CPU
		{BE497F78-0F5C-471B-9330-8A88630EC9B0}.Debug|Any CPU.Build.0 = Debug|Any CPU
		{BE497F78-0F5C-471B-9330-8A88630EC9B0}.Release|Any CPU.ActiveCfg = Release|Any CPU
		{BE497F78-0F5C-471B-9330-8A88630EC9B0}.Release|Any CPU.Build.0 = Release|Any CPU
		{E989BE37-E08D-41FB-BE8D-70BD0B1FC23B}.Debug|Any CPU.ActiveCfg = Debug|Any CPU
		{E989BE37-E08D-41FB-BE8D-70BD0B1FC23B}.Debug|Any CPU.Build.0 = Debug|Any CPU
		{E989BE37-E08D-41FB-BE8D-70BD0B1FC23B}.Release|Any CPU.ActiveCfg = Release|Any CPU
		{E989BE37-E08D-41FB-BE8D-70BD0B1FC23B}.Release|Any CPU.Build.0 = Release|Any CPU
		{7372D8AB-F9B5-477E-B907-70A4940186BB}.Debug|Any CPU.ActiveCfg = Debug|Any CPU
		{7372D8AB-F9B5-477E-B907-70A4940186BB}.Debug|Any CPU.Build.0 = Debug|Any CPU
		{7372D8AB-F9B5-477E-B907-70A4940186BB}.Release|Any CPU.ActiveCfg = Release|Any CPU
		{7372D8AB-F9B5-477E-B907-70A4940186BB}.Release|Any CPU.Build.0 = Release|Any CPU
		{CC0DB298-4414-45FB-9625-B5985DA2E3AA}.Debug|Any CPU.ActiveCfg = Debug|Any CPU
		{CC0DB298-4414-45FB-9625-B5985DA2E3AA}.Debug|Any CPU.Build.0 = Debug|Any CPU
		{CC0DB298-4414-45FB-9625-B5985DA2E3AA}.Release|Any CPU.ActiveCfg = Release|Any CPU
		{CC0DB298-4414-45FB-9625-B5985DA2E3AA}.Release|Any CPU.Build.0 = Release|Any CPU
		{568B2AB7-F91B-4DC8-8FC4-005EB2AD4DE3}.Debug|Any CPU.ActiveCfg = Debug|Any CPU
		{568B2AB7-F91B-4DC8-8FC4-005EB2AD4DE3}.Debug|Any CPU.Build.0 = Debug|Any CPU
		{568B2AB7-F91B-4DC8-8FC4-005EB2AD4DE3}.Release|Any CPU.ActiveCfg = Release|Any CPU
		{568B2AB7-F91B-4DC8-8FC4-005EB2AD4DE3}.Release|Any CPU.Build.0 = Release|Any CPU
		{152C515A-77A4-420B-876F-CBC3BDC049D9}.Debug|Any CPU.ActiveCfg = Debug|Any CPU
		{152C515A-77A4-420B-876F-CBC3BDC049D9}.Debug|Any CPU.Build.0 = Debug|Any CPU
		{152C515A-77A4-420B-876F-CBC3BDC049D9}.Release|Any CPU.ActiveCfg = Release|Any CPU
		{152C515A-77A4-420B-876F-CBC3BDC049D9}.Release|Any CPU.Build.0 = Release|Any CPU
		{0E7DF2EF-8585-49B1-8D15-FE069AD652E0}.Debug|Any CPU.ActiveCfg = Debug|Any CPU
		{0E7DF2EF-8585-49B1-8D15-FE069AD652E0}.Debug|Any CPU.Build.0 = Debug|Any CPU
		{0E7DF2EF-8585-49B1-8D15-FE069AD652E0}.Release|Any CPU.ActiveCfg = Release|Any CPU
		{0E7DF2EF-8585-49B1-8D15-FE069AD652E0}.Release|Any CPU.Build.0 = Release|Any CPU
		{7127070C-EB4A-4DCF-A825-74C083C15817}.Debug|Any CPU.ActiveCfg = Debug|Any CPU
		{7127070C-EB4A-4DCF-A825-74C083C15817}.Debug|Any CPU.Build.0 = Debug|Any CPU
		{7127070C-EB4A-4DCF-A825-74C083C15817}.Release|Any CPU.ActiveCfg = Release|Any CPU
		{7127070C-EB4A-4DCF-A825-74C083C15817}.Release|Any CPU.Build.0 = Release|Any CPU
		{7AE9848D-7667-4E64-9962-F8E1D2147B6D}.Debug|Any CPU.ActiveCfg = Debug|Any CPU
		{7AE9848D-7667-4E64-9962-F8E1D2147B6D}.Debug|Any CPU.Build.0 = Debug|Any CPU
		{7AE9848D-7667-4E64-9962-F8E1D2147B6D}.Release|Any CPU.ActiveCfg = Release|Any CPU
		{7AE9848D-7667-4E64-9962-F8E1D2147B6D}.Release|Any CPU.Build.0 = Release|Any CPU
		{A724592D-4B1C-4775-8615-07BB16021EB1}.Debug|Any CPU.ActiveCfg = Debug|Any CPU
		{A724592D-4B1C-4775-8615-07BB16021EB1}.Debug|Any CPU.Build.0 = Debug|Any CPU
		{A724592D-4B1C-4775-8615-07BB16021EB1}.Release|Any CPU.ActiveCfg = Release|Any CPU
		{A724592D-4B1C-4775-8615-07BB16021EB1}.Release|Any CPU.Build.0 = Release|Any CPU
		{81365FE2-686E-45C1-92E7-145F75E804E4}.Debug|Any CPU.ActiveCfg = Debug|Any CPU
		{81365FE2-686E-45C1-92E7-145F75E804E4}.Debug|Any CPU.Build.0 = Debug|Any CPU
		{81365FE2-686E-45C1-92E7-145F75E804E4}.Release|Any CPU.ActiveCfg = Release|Any CPU
		{81365FE2-686E-45C1-92E7-145F75E804E4}.Release|Any CPU.Build.0 = Release|Any CPU
		{BE25547A-3D67-4C17-A937-D7B14CA74049}.Debug|Any CPU.ActiveCfg = Debug|Any CPU
		{BE25547A-3D67-4C17-A937-D7B14CA74049}.Debug|Any CPU.Build.0 = Debug|Any CPU
		{BE25547A-3D67-4C17-A937-D7B14CA74049}.Release|Any CPU.ActiveCfg = Release|Any CPU
		{BE25547A-3D67-4C17-A937-D7B14CA74049}.Release|Any CPU.Build.0 = Release|Any CPU
		{EA1096FD-5C6A-49F6-92BB-DAAF267AFC07}.Debug|Any CPU.ActiveCfg = Debug|Any CPU
		{EA1096FD-5C6A-49F6-92BB-DAAF267AFC07}.Debug|Any CPU.Build.0 = Debug|Any CPU
		{EA1096FD-5C6A-49F6-92BB-DAAF267AFC07}.Release|Any CPU.ActiveCfg = Release|Any CPU
		{EA1096FD-5C6A-49F6-92BB-DAAF267AFC07}.Release|Any CPU.Build.0 = Release|Any CPU
		{05F7CDBC-41A0-4E96-B4BA-EAD6B24B3DCC}.Debug|Any CPU.ActiveCfg = Debug|Any CPU
		{05F7CDBC-41A0-4E96-B4BA-EAD6B24B3DCC}.Debug|Any CPU.Build.0 = Debug|Any CPU
		{05F7CDBC-41A0-4E96-B4BA-EAD6B24B3DCC}.Release|Any CPU.ActiveCfg = Release|Any CPU
		{05F7CDBC-41A0-4E96-B4BA-EAD6B24B3DCC}.Release|Any CPU.Build.0 = Release|Any CPU
		{3291EB99-3597-4F6B-9430-26B5E07D1046}.Debug|Any CPU.ActiveCfg = Debug|Any CPU
		{3291EB99-3597-4F6B-9430-26B5E07D1046}.Debug|Any CPU.Build.0 = Debug|Any CPU
		{3291EB99-3597-4F6B-9430-26B5E07D1046}.Release|Any CPU.ActiveCfg = Release|Any CPU
		{3291EB99-3597-4F6B-9430-26B5E07D1046}.Release|Any CPU.Build.0 = Release|Any CPU
		{6CB0E2B4-F3BA-4925-AFAD-5BC1E6BF073D}.Debug|Any CPU.ActiveCfg = Debug|Any CPU
		{6CB0E2B4-F3BA-4925-AFAD-5BC1E6BF073D}.Debug|Any CPU.Build.0 = Debug|Any CPU
		{6CB0E2B4-F3BA-4925-AFAD-5BC1E6BF073D}.Release|Any CPU.ActiveCfg = Release|Any CPU
		{6CB0E2B4-F3BA-4925-AFAD-5BC1E6BF073D}.Release|Any CPU.Build.0 = Release|Any CPU
		{7D832575-6637-4DDC-ADE7-6F7F05B0F56E}.Debug|Any CPU.ActiveCfg = Debug|Any CPU
		{7D832575-6637-4DDC-ADE7-6F7F05B0F56E}.Debug|Any CPU.Build.0 = Debug|Any CPU
		{7D832575-6637-4DDC-ADE7-6F7F05B0F56E}.Release|Any CPU.ActiveCfg = Release|Any CPU
		{7D832575-6637-4DDC-ADE7-6F7F05B0F56E}.Release|Any CPU.Build.0 = Release|Any CPU
		{9F1902B6-4BA6-4A03-9573-AAFB8DCE5AB6}.Debug|Any CPU.ActiveCfg = Debug|Any CPU
		{9F1902B6-4BA6-4A03-9573-AAFB8DCE5AB6}.Debug|Any CPU.Build.0 = Debug|Any CPU
		{9F1902B6-4BA6-4A03-9573-AAFB8DCE5AB6}.Release|Any CPU.ActiveCfg = Release|Any CPU
		{9F1902B6-4BA6-4A03-9573-AAFB8DCE5AB6}.Release|Any CPU.Build.0 = Release|Any CPU
		{92CC7CAC-C968-4E93-866E-31CEE5F83ACB}.Debug|Any CPU.ActiveCfg = Debug|Any CPU
		{92CC7CAC-C968-4E93-866E-31CEE5F83ACB}.Debug|Any CPU.Build.0 = Debug|Any CPU
		{92CC7CAC-C968-4E93-866E-31CEE5F83ACB}.Release|Any CPU.ActiveCfg = Release|Any CPU
		{92CC7CAC-C968-4E93-866E-31CEE5F83ACB}.Release|Any CPU.Build.0 = Release|Any CPU
	EndGlobalSection
	GlobalSection(NestedProjects) = preSolution
		{81365FE2-686E-45C1-92E7-145F75E804E4} = {A804A2E9-5E18-42D9-9CD6-DE38E3B9427E}
	EndGlobalSection
EndGlobal
