
Microsoft Visual Studio Solution File, Format Version 12.00
Project("{FAE04EC0-301F-11D3-BF4B-00C04F79EFBC}") = "Task1", "Task1\Task1.csproj", "{E989BE37-E08D-41FB-BE8D-70BD0B1FC23B}"
EndProject
Project("{FAE04EC0-301F-11D3-BF4B-00C04F79EFBC}") = "Task2", "Task2\Task2.csproj", "{7372D8AB-F9B5-477E-B907-70A4940186BB}"
EndProject
Project("{FAE04EC0-301F-11D3-BF4B-00C04F79EFBC}") = "Task3", "Task3\Task3.csproj", "{CC0DB298-4414-45FB-9625-B5985DA2E3AA}"
EndProject
Project("{FAE04EC0-301F-11D3-BF4B-00C04F79EFBC}") = "Task4", "Task4\Task4.csproj", "{568B2AB7-F91B-4DC8-8FC4-005EB2AD4DE3}"
EndProject
Project("{FAE04EC0-301F-11D3-BF4B-00C04F79EFBC}") = "Task5", "Task5\Task5.csproj", "{152C515A-77A4-420B-876F-CBC3BDC049D9}"
EndProject
Project("{FAE04EC0-301F-11D3-BF4B-00C04F79EFBC}") = "Task6", "Task6\Task6.csproj", "{0E7DF2EF-8585-49B1-8D15-FE069AD652E0}"
EndProject
Project("{FAE04EC0-301F-11D3-BF4B-00C04F79EFBC}") = "Task7", "Task7\Task7.csproj", "{7127070C-EB4A-4DCF-A825-74C083C15817}"
EndProject
Project("{FAE04EC0-301F-11D3-BF4B-00C04F79EFBC}") = "Task8", "Task8\Task8.csproj", "{7AE9848D-7667-4E64-9962-F8E1D2147B6D}"
EndProject
Project("{FAE04EC0-301F-11D3-BF4B-00C04F79EFBC}") = "Task9", "Task9\Task9.csproj", "{A724592D-4B1C-4775-8615-07BB16021EB1}"
EndProject
Project("{FAE04EC0-301F-11D3-BF4B-00C04F79EFBC}") = "Task9Refactored", "Task9Refactored\Task9Refactored.csproj", "{CAEA6126-1FED-40AA-924C-E7F89058AD10}"
EndProject
Project("{2150E333-8FDC-42A3-9474-1A3956D46DE8}") = "TestRefactor", "TestRefactor", "{D513E067-00F8-4BE4-96E3-D08CA34DC23F}"
EndProject
Project("{FAE04EC0-301F-11D3-BF4B-00C04F79EFBC}") = "CalculatorTest", "CalculatorTest\CalculatorTest.csproj", "{E1702EBF-3531-4490-8763-34E4D92E79D8}"
EndProject
Global
	GlobalSection(SolutionConfigurationPlatforms) = preSolution
		Debug|Any CPU = Debug|Any CPU
		Release|Any CPU = Release|Any CPU
	EndGlobalSection
	GlobalSection(ProjectConfigurationPlatforms) = postSolution
		{E989BE37-E08D-41FB-BE8D-70BD0B1FC23B}.Debug|Any CPU.ActiveCfg = Debug|Any CPU
		{E989BE37-E08D-41FB-BE8D-70BD0B1FC23B}.Debug|Any CPU.Build.0 = Debug|Any CPU
		{E989BE37-E08D-41FB-BE8D-70BD0B1FC23B}.Release|Any CPU.ActiveCfg = Release|Any CPU
		{E989BE37-E08D-41FB-BE8D-70BD0B1FC23B}.Release|Any CPU.Build.0 = Release|Any CPU
		{7372D8AB-F9B5-477E-B907-70A4940186BB}.Debug|Any CPU.ActiveCfg = Debug|Any CPU
		{7372D8AB-F9B5-477E-B907-70A4940186BB}.Debug|Any CPU.Build.0 = Debug|Any CPU
		{7372D8AB-F9B5-477E-B907-70A4940186BB}.Release|Any CPU.ActiveCfg = Release|Any CPU
		{7372D8AB-F9B5-477E-B907-70A4940186BB}.Release|Any CPU.Build.0 = Release|Any CPU
		{CC0DB298-4414-45FB-9625-B5985DA2E3AA}.Debug|Any CPU.ActiveCfg = Debug|Any CPU
		{CC0DB298-4414-45FB-9625-B5985DA2E3AA}.Debug|Any CPU.Build.0 = Debug|Any CPU
		{CC0DB298-4414-45FB-9625-B5985DA2E3AA}.Release|Any CPU.ActiveCfg = Release|Any CPU
		{CC0DB298-4414-45FB-9625-B5985DA2E3AA}.Release|Any CPU.Build.0 = Release|Any CPU
		{568B2AB7-F91B-4DC8-8FC4-005EB2AD4DE3}.Debug|Any CPU.ActiveCfg = Debug|Any CPU
		{568B2AB7-F91B-4DC8-8FC4-005EB2AD4DE3}.Debug|Any CPU.Build.0 = Debug|Any CPU
		{568B2AB7-F91B-4DC8-8FC4-005EB2AD4DE3}.Release|Any CPU.ActiveCfg = Release|Any CPU
		{568B2AB7-F91B-4DC8-8FC4-005EB2AD4DE3}.Release|Any CPU.Build.0 = Release|Any CPU
		{152C515A-77A4-420B-876F-CBC3BDC049D9}.Debug|Any CPU.ActiveCfg = Debug|Any CPU
		{152C515A-77A4-420B-876F-CBC3BDC049D9}.Debug|Any CPU.Build.0 = Debug|Any CPU
		{152C515A-77A4-420B-876F-CBC3BDC049D9}.Release|Any CPU.ActiveCfg = Release|Any CPU
		{152C515A-77A4-420B-876F-CBC3BDC049D9}.Release|Any CPU.Build.0 = Release|Any CPU
		{0E7DF2EF-8585-49B1-8D15-FE069AD652E0}.Debug|Any CPU.ActiveCfg = Debug|Any CPU
		{0E7DF2EF-8585-49B1-8D15-FE069AD652E0}.Debug|Any CPU.Build.0 = Debug|Any CPU
		{0E7DF2EF-8585-49B1-8D15-FE069AD652E0}.Release|Any CPU.ActiveCfg = Release|Any CPU
		{0E7DF2EF-8585-49B1-8D15-FE069AD652E0}.Release|Any CPU.Build.0 = Release|Any CPU
		{7127070C-EB4A-4DCF-A825-74C083C15817}.Debug|Any CPU.ActiveCfg = Debug|Any CPU
		{7127070C-EB4A-4DCF-A825-74C083C15817}.Debug|Any CPU.Build.0 = Debug|Any CPU
		{7127070C-EB4A-4DCF-A825-74C083C15817}.Release|Any CPU.ActiveCfg = Release|Any CPU
		{7127070C-EB4A-4DCF-A825-74C083C15817}.Release|Any CPU.Build.0 = Release|Any CPU
		{7AE9848D-7667-4E64-9962-F8E1D2147B6D}.Debug|Any CPU.ActiveCfg = Debug|Any CPU
		{7AE9848D-7667-4E64-9962-F8E1D2147B6D}.Debug|Any CPU.Build.0 = Debug|Any CPU
		{7AE9848D-7667-4E64-9962-F8E1D2147B6D}.Release|Any CPU.ActiveCfg = Release|Any CPU
		{7AE9848D-7667-4E64-9962-F8E1D2147B6D}.Release|Any CPU.Build.0 = Release|Any CPU
		{A724592D-4B1C-4775-8615-07BB16021EB1}.Debug|Any CPU.ActiveCfg = Debug|Any CPU
		{A724592D-4B1C-4775-8615-07BB16021EB1}.Debug|Any CPU.Build.0 = Debug|Any CPU
		{A724592D-4B1C-4775-8615-07BB16021EB1}.Release|Any CPU.ActiveCfg = Release|Any CPU
		{A724592D-4B1C-4775-8615-07BB16021EB1}.Release|Any CPU.Build.0 = Release|Any CPU
		{CAEA6126-1FED-40AA-924C-E7F89058AD10}.Debug|Any CPU.ActiveCfg = Debug|Any CPU
		{CAEA6126-1FED-40AA-924C-E7F89058AD10}.Debug|Any CPU.Build.0 = Debug|Any CPU
		{CAEA6126-1FED-40AA-924C-E7F89058AD10}.Release|Any CPU.ActiveCfg = Release|Any CPU
		{CAEA6126-1FED-40AA-924C-E7F89058AD10}.Release|Any CPU.Build.0 = Release|Any CPU
		{E1702EBF-3531-4490-8763-34E4D92E79D8}.Debug|Any CPU.ActiveCfg = Debug|Any CPU
		{E1702EBF-3531-4490-8763-34E4D92E79D8}.Debug|Any CPU.Build.0 = Debug|Any CPU
		{E1702EBF-3531-4490-8763-34E4D92E79D8}.Release|Any CPU.ActiveCfg = Release|Any CPU
		{E1702EBF-3531-4490-8763-34E4D92E79D8}.Release|Any CPU.Build.0 = Release|Any CPU
	EndGlobalSection
	GlobalSection(NestedProjects) = preSolution
		{E1702EBF-3531-4490-8763-34E4D92E79D8} = {D513E067-00F8-4BE4-96E3-D08CA34DC23F}
	EndGlobalSection
EndGlobal
